<?xml version="1.0" encoding="utf-8"?>
<Project ToolsVersion="4.0" xmlns="http://schemas.microsoft.com/developer/msbuild/2003">
  <ItemGroup>
    <Filter Include="C++未分類ファイル">
      <UniqueIdentifier>{E992CD5D-8FF5-4FE9-A8EF-AF78260E20BB}</UniqueIdentifier>
      <Extensions>cpp;c;cc;cxx;c++;cppm;ixx;def;odl;idl;hpj;bat;asm;asmx;h;hh;hpp;hxx;h++;hm;inl;inc;ipp;xsd</Extensions>
    </Filter>
    <Filter Include="wtgb">
      <UniqueIdentifier>{740FBDF9-D18E-4FD3-81A0-BEE263D33886}</UniqueIdentifier>
      <Extensions>
      </Extensions>
    </Filter>
    <Filter Include="Source">
      <UniqueIdentifier>{2059BA86-A514-408E-B205-7E7A23FFB4BE}</UniqueIdentifier>
      <Extensions>
      </Extensions>
    </Filter>
    <Filter Include="リソース ファイル">
      <UniqueIdentifier>{67DA6AB6-F800-4c08-8B7A-83BB121AAD01}</UniqueIdentifier>
      <Extensions>rc;ico;cur;bmp;dlg;rc2;rct;bin;rgs;gif;jpg;jpeg;jpe;resx;tiff;tif;png;wav;mfcribbon-ms</Extensions>
    </Filter>
  </ItemGroup>
  <ItemGroup>
    <ClInclude Include="wtgb\Core\IGame.h">
      <Filter>C++未分類ファイル</Filter>
    </ClInclude>
    <ClInclude Include="wtgb\wtgb.h">
      <Filter>C++未分類ファイル</Filter>
    </ClInclude>
    <ClInclude Include="Source\Resource.h">
      <Filter>C++未分類ファイル</Filter>
    </ClInclude>
    <ClInclude Include="Source\SampleSkyCombat.h">
      <Filter>C++未分類ファイル</Filter>
    </ClInclude>
    <ClInclude Include="Source\SkyGameBase.h">
      <Filter>C++未分類ファイル</Filter>
    </ClInclude>
    <ClInclude Include="pch\framework.h">
      <Filter>C++未分類ファイル</Filter>
    </ClInclude>
    <ClInclude Include="pch\pch.h">
      <Filter>C++未分類ファイル</Filter>
    </ClInclude>
    <ClInclude Include="pch\targetver.h">
      <Filter>C++未分類ファイル</Filter>
    </ClInclude>
    <ClInclude Include="wtgb\Core\Game.h">
      <Filter>C++未分類ファイル</Filter>
    </ClInclude>
    <ClInclude Include="wtgb\Core\GameLoop.h">
      <Filter>C++未分類ファイル</Filter>
    </ClInclude>
    <ClInclude Include="wtgb\Core\GameSystemCollection.h">
      <Filter>C++未分類ファイル</Filter>
    </ClInclude>
    <ClInclude Include="wtgb\Core\IGameSystem.h">
      <Filter>C++未分類ファイル</Filter>
    </ClInclude>
    <ClInclude Include="wtgb\WTGBAssert.h">
      <Filter>C++未分類ファイル</Filter>
    </ClInclude>
    <ClInclude Include="wtgb\GameSystem\GameTime.h">
      <Filter>C++未分類ファイル</Filter>
    </ClInclude>
    <ClInclude Include="wtgb\ReleaseUtility.h">
      <Filter>C++未分類ファイル</Filter>
    </ClInclude>
    <ClInclude Include="wtgb\GameSystem\Debug.h">
      <Filter>C++未分類ファイル</Filter>
    </ClInclude>
    <ClInclude Include="wtgb\LogUtility.h">
      <Filter>C++未分類ファイル</Filter>
    </ClInclude>
    <ClInclude Include="Source\SampleGame.h">
      <Filter>C++未分類ファイル</Filter>
    </ClInclude>
    <ClInclude Include="wtgb\GameSystem\Direct3D.h">
      <Filter>C++未分類ファイル</Filter>
    </ClInclude>
    <ClInclude Include="wtgb\GameSystem\ScreenResource.h">
      <Filter>C++未分類ファイル</Filter>
    </ClInclude>
    <ClInclude Include="wtgb\Utility\IResource.h">
      <Filter>C++未分類ファイル</Filter>
    </ClInclude>
    <ClInclude Include="wtgb\GameSystem\GameWindow.h">
      <Filter>C++未分類ファイル</Filter>
    </ClInclude>
    <ClInclude Include="wtgb\WTGBResult.h">
      <Filter>C++未分類ファイル</Filter>
    </ClInclude>
    <ClInclude Include="wtgb\Core\GameScene.h">
      <Filter>C++未分類ファイル</Filter>
    </ClInclude>
    <ClInclude Include="wtgb\CoreType\Vector2Int.h">
      <Filter>C++未分類ファイル</Filter>
    </ClInclude>
    <ClInclude Include="wtgb\CoreType\Vector3.h">
      <Filter>C++未分類ファイル</Filter>
    </ClInclude>
    <ClInclude Include="wtgb\GameComponent\GameObject.h">
      <Filter>C++未分類ファイル</Filter>
    </ClInclude>
    <ClInclude Include="wtgb\Core\Entity.h">
      <Filter>C++未分類ファイル</Filter>
    </ClInclude>
    <ClInclude Include="wtgb\CoreType\Collection\HandlerCollection.h">
      <Filter>C++未分類ファイル</Filter>
    </ClInclude>
    <ClInclude Include="wtgb\GameSystem\Input.h">
      <Filter>C++未分類ファイル</Filter>
    </ClInclude>
    <ClInclude Include="wtgb\GameSystem\Input\PadCode.h">
      <Filter>C++未分類ファイル</Filter>
    </ClInclude>
    <ClInclude Include="wtgb\GameSystem\Input\InputResource.h">
      <Filter>C++未分類ファイル</Filter>
    </ClInclude>
    <ClInclude Include="wtgb\GameSystem\Input\KeyCode.h">
      <Filter>C++未分類ファイル</Filter>
    </ClInclude>
    <ClInclude Include="wtgb\GameSystem\Input\MouseCode.h">
      <Filter>C++未分類ファイル</Filter>
    </ClInclude>
    <ClInclude Include="wtgb\Utility\Accessor.h">
      <Filter>C++未分類ファイル</Filter>
    </ClInclude>
    <ClInclude Include="wtgb\Utility\InitSequence.h">
      <Filter>C++未分類ファイル</Filter>
    </ClInclude>
    <ClInclude Include="wtgb\Core\IComponent.h">
      <Filter>C++未分類ファイル</Filter>
    </ClInclude>
    <ClInclude Include="wtgb\GameSystem\ComponentPool.h">
      <Filter>C++未分類ファイル</Filter>
    </ClInclude>
    <ClInclude Include="wtgb\GameSystem\Input\InputData.h">
      <Filter>C++未分類ファイル</Filter>
    </ClInclude>
    <ClInclude Include="wtgb\Utility\InputChecker.h">
      <Filter>C++未分類ファイル</Filter>
    </ClInclude>
    <ClInclude Include="wtgb\GameComponent\GameObjectProperty.h">
      <Filter>C++未分類ファイル</Filter>
    </ClInclude>
    <ClInclude Include="wtgb\GameSystem\IComponentPool.h">
      <Filter>C++未分類ファイル</Filter>
    </ClInclude>
    <ClInclude Include="Source\PlayScene\Player.h">
      <Filter>C++未分類ファイル</Filter>
    </ClInclude>
    <ClInclude Include="Source\SampleScene\SampleScene.h">
      <Filter>C++未分類ファイル</Filter>
    </ClInclude>
    <ClInclude Include="wtgb\CoreType\Matrix4x4.h">
      <Filter>C++未分類ファイル</Filter>
    </ClInclude>
    <ClInclude Include="wtgb\Core\GameObjectBuilder.h">
      <Filter>C++未分類ファイル</Filter>
    </ClInclude>
    <ClInclude Include="wtgb\GameComponent\Transform.h">
      <Filter>C++未分類ファイル</Filter>
    </ClInclude>
    <ClInclude Include="wtgb\GameSystem\ComponentManager.h">
      <Filter>C++未分類ファイル</Filter>
    </ClInclude>
    <ClInclude Include="wtgb\GameSystem\SceneManager.h">
      <Filter>C++未分類ファイル</Filter>
    </ClInclude>
    <ClInclude Include="Source\Systems\FirstSceneRegister.h">
      <Filter>C++未分類ファイル</Filter>
    </ClInclude>
    <ClInclude Include="Source\Systems\MainWindow.h">
      <Filter>C++未分類ファイル</Filter>
    </ClInclude>
    <ClInclude Include="Source\PlayScene\PlayScene.h">
      <Filter>C++未分類ファイル</Filter>
    </ClInclude>
    <ClInclude Include="wtgb\Core\ComponentOption.h">
      <Filter>C++未分類ファイル</Filter>
    </ClInclude>
    <ClInclude Include="wtgb\Core\EntityCapacity.h">
      <Filter>C++未分類ファイル</Filter>
    </ClInclude>
    <ClInclude Include="wtgb\Core\ComponentSetter.h">
      <Filter>C++未分類ファイル</Filter>
    </ClInclude>
    <ClInclude Include="wtgb\Core\GameSystemViewer.h">
      <Filter>C++未分類ファイル</Filter>
    </ClInclude>
    <ClInclude Include="wtgb\GameSystem\ComponentManager\EntityGenerator.h">
      <Filter>C++未分類ファイル</Filter>
    </ClInclude>
    <ClInclude Include="wtgb\GameSystem\CPGameObject.h">
      <Filter>C++未分類ファイル</Filter>
    </ClInclude>
    <ClInclude Include="wtgb\Core\Component.h">
      <Filter>C++未分類ファイル</Filter>
    </ClInclude>
    <ClInclude Include="wtgb\Helper\CommonGameComponent.h">
      <Filter>C++未分類ファイル</Filter>
    </ClInclude>
    <ClInclude Include="wtgb\GameComponent\MeshRenderer.h">
      <Filter>C++未分類ファイル</Filter>
    </ClInclude>
    <ClInclude Include="wtgb\GameComponent\ModelMesh.h">
      <Filter>C++未分類ファイル</Filter>
    </ClInclude>
    <ClInclude Include="wtgb\GameSystem\CPGameObjectProperty.h">
      <Filter>C++未分類ファイル</Filter>
    </ClInclude>
    <ClInclude Include="wtgb\GameSystem\CPMeshRenderer.h">
      <Filter>C++未分類ファイル</Filter>
    </ClInclude>
    <ClInclude Include="wtgb\GameSystem\CPModelMesh.h">
      <Filter>C++未分類ファイル</Filter>
    </ClInclude>
    <ClInclude Include="wtgb\GameSystem\CPTransform.h">
      <Filter>C++未分類ファイル</Filter>
    </ClInclude>
    <ClInclude Include="wtgb\GameSystem\Direct3D\Direct3DResource.h">
      <Filter>C++未分類ファイル</Filter>
    </ClInclude>
    <ClInclude Include="wtgb\GameSystem\MeshRenderer\Material.h">
      <Filter>C++未分類ファイル</Filter>
    </ClInclude>
    <ClInclude Include="wtgb\GameSystem\ModelMesh\Fbx.h">
      <Filter>C++未分類ファイル</Filter>
    </ClInclude>
    <ClInclude Include="wtgb\GameSystem\ModelMesh\ModelResource.h">
      <Filter>C++未分類ファイル</Filter>
    </ClInclude>
    <ClInclude Include="wtgb\GameSystem\Rendering.h">
      <Filter>C++未分類ファイル</Filter>
    </ClInclude>
    <ClInclude Include="wtgb\GameSystem\ShaderCompile.h">
      <Filter>C++未分類ファイル</Filter>
    </ClInclude>
    <ClInclude Include="wtgb\GameSystem\ResourceSystem\Material.h">
      <Filter>C++未分類ファイル</Filter>
    </ClInclude>
    <ClInclude Include="wtgb\GameSystem\ResourceSystem\Texture.h">
      <Filter>C++未分類ファイル</Filter>
    </ClInclude>
    <ClInclude Include="wtgb\GameSystem\ResourceSystem.h">
      <Filter>C++未分類ファイル</Filter>
    </ClInclude>
    <ClInclude Include="wtgb\GameSystem\Path.h">
      <Filter>C++未分類ファイル</Filter>
    </ClInclude>
    <ClInclude Include="wtgb\GameSystem\ShaderCompile\Shader.h">
      <Filter>C++未分類ファイル</Filter>
    </ClInclude>
    <ClInclude Include="wtgb\CoreType\Handler.h">
      <Filter>C++未分類ファイル</Filter>
    </ClInclude>
    <ClInclude Include="wtgb\GameSystem\Model.h">
      <Filter>C++未分類ファイル</Filter>
    </ClInclude>
    <ClInclude Include="wtgb\CoreType\Vector2.h">
      <Filter>C++未分類ファイル</Filter>
    </ClInclude>
    <ClInclude Include="wtgb\GameSystem\Camera.h">
      <Filter>C++未分類ファイル</Filter>
    </ClInclude>
    <ClInclude Include="wtgb\GameSystem\ComponentPool\ComponentPoolIterator.h">
      <Filter>C++未分類ファイル</Filter>
    </ClInclude>
    <ClInclude Include="wtgb\CoreType\Color.h">
      <Filter>C++未分類ファイル</Filter>
    </ClInclude>
    <ClInclude Include="Source\PlayScene\CameraController.h">
      <Filter>C++未分類ファイル</Filter>
    </ClInclude>
    <ClInclude Include="wtgb\CoreType\Vector4.h">
      <Filter>C++未分類ファイル</Filter>
    </ClInclude>
    <ClInclude Include="wtgb\GameSystem\Cursor.h">
      <Filter>C++未分類ファイル</Filter>
    </ClInclude>
    <ClInclude Include="wtgb\GameComponent\RigidBody.h">
      <Filter>C++未分類ファイル</Filter>
    </ClInclude>
    <ClInclude Include="wtgb\GameSystem\CPRigidBody.h">
      <Filter>C++未分類ファイル</Filter>
    </ClInclude>
    <ClInclude Include="wtgb\GameComponent\SphereCollider.h">
      <Filter>C++未分類ファイル</Filter>
    </ClInclude>
    <ClInclude Include="Source\PlayScene\StageMesh\StageMesh.h">
      <Filter>C++未分類ファイル</Filter>
    </ClInclude>
    <ClInclude Include="Source\PlayScene\StageLine.h">
      <Filter>C++未分類ファイル</Filter>
    </ClInclude>
    <ClInclude Include="wtgb\GameSystem\ModelMesh\IMeshSimple.h">
      <Filter>C++未分類ファイル</Filter>
    </ClInclude>
    <ClInclude Include="Source\PlayScene\TestBillBoard.h">
      <Filter>C++未分類ファイル</Filter>
    </ClInclude>
    <ClInclude Include="wtgb\GameComponent\Collider.h">
      <Filter>C++未分類ファイル</Filter>
    </ClInclude>
    <ClInclude Include="wtgb\GameSystem\CPCollider.h">
      <Filter>C++未分類ファイル</Filter>
    </ClInclude>
    <ClInclude Include="wtgb\GameSystem\CPRigidBody\PhysicsConfig.h">
      <Filter>C++未分類ファイル</Filter>
    </ClInclude>
    <ClInclude Include="wtgb\GameSystem\CPRigidBody\PhysicsUtil.h">
      <Filter>C++未分類ファイル</Filter>
    </ClInclude>
    <ClInclude Include="wtgb\GameSystem\Deb\DebugSphere.h">
      <Filter>C++未分類ファイル</Filter>
    </ClInclude>
    <ClInclude Include="Source\PlayScene\CameraController\ICameraMove.h">
      <Filter>C++未分類ファイル</Filter>
    </ClInclude>
    <ClInclude Include="Source\PlayScene\CameraController\CameraMoveFree.h">
      <Filter>C++未分類ファイル</Filter>
    </ClInclude>
    <ClInclude Include="Source\PlayScene\CameraController\CameraMovePlay.h">
      <Filter>C++未分類ファイル</Filter>
    </ClInclude>
    <ClInclude Include="wtgb\GameSystem\ResourceSystem\TextureConfig.h">
      <Filter>C++未分類ファイル</Filter>
    </ClInclude>
    <ClInclude Include="Source\PlayScene\WaterPlane.h">
      <Filter>C++未分類ファイル</Filter>
    </ClInclude>
    <ClInclude Include="Source\WaterPlane\WaterMesh.h">
      <Filter>C++未分類ファイル</Filter>
    </ClInclude>
    <ClInclude Include="Source\PlayScene\WaterSphere.h">
      <Filter>C++未分類ファイル</Filter>
    </ClInclude>
    <ClInclude Include="wtgb\Utility\Mathf.h">
      <Filter>C++未分類ファイル</Filter>
    </ClInclude>
    <ClInclude Include="Source\PlayScene\DebugPoint.h">
      <Filter>C++未分類ファイル</Filter>
    </ClInclude>
    <ClInclude Include="wtgb\GameSystem\Canvas.h">
      <Filter>C++未分類ファイル</Filter>
    </ClInclude>
    <ClInclude Include="wtgb\GameSystem\Canvas\CanvasContext.h">
      <Filter>C++未分類ファイル</Filter>
    </ClInclude>
    <ClInclude Include="wtgb\GameSystem\Canvas\LayoutConfig.h">
      <Filter>C++未分類ファイル</Filter>
    </ClInclude>
    <ClInclude Include="wtgb\GameSystem\Canvas\Pivot.h">
      <Filter>C++未分類ファイル</Filter>
    </ClInclude>
    <ClInclude Include="wtgb\GameSystem\Canvas\RenderContent.h">
      <Filter>C++未分類ファイル</Filter>
    </ClInclude>
    <ClInclude Include="wtgb\GameSystem\Canvas\Mesh2D.h">
      <Filter>C++未分類ファイル</Filter>
    </ClInclude>
    <ClInclude Include="Source\SampleScene\TestArrowUI.h">
      <Filter>C++未分類ファイル</Filter>
    </ClInclude>
    <ClInclude Include="Source\UI\NumberPlate.h">
      <Filter>C++未分類ファイル</Filter>
    </ClInclude>
    <ClInclude Include="wtgb\CoreType\RectF.h">
      <Filter>C++未分類ファイル</Filter>
    </ClInclude>
    <ClInclude Include="wtgb\CoreType\RectT.h">
      <Filter>C++未分類ファイル</Filter>
    </ClInclude>
    <ClInclude Include="wtgb\CoreType\Vector2T.h">
      <Filter>C++未分類ファイル</Filter>
    </ClInclude>
    <ClInclude Include="wtgb\GameSystem\Canvas\ContentAndConfig.h">
      <Filter>C++未分類ファイル</Filter>
    </ClInclude>
    <ClInclude Include="wtgb\GameSystem\Canvas\IRenderContent.h">
      <Filter>C++未分類ファイル</Filter>
    </ClInclude>
    <ClInclude Include="wtgb\GameSystem\Direct3D\BlendMode.h">
      <Filter>C++未分類ファイル</Filter>
    </ClInclude>
    <ClInclude Include="wtgb\GameSystem\ModelMesh\IMeshSimple2D.h">
      <Filter>C++未分類ファイル</Filter>
    </ClInclude>
    <ClInclude Include="wtgb\Utility\CallStackViewer.h">
      <Filter>C++未分類ファイル</Filter>
    </ClInclude>
    <ClInclude Include="Source\PlayScene\SpecialBall.h">
      <Filter>C++未分類ファイル</Filter>
    </ClInclude>
    <ClInclude Include="Source\PlayScene\StageObjectManager.h">
      <Filter>C++未分類ファイル</Filter>
    </ClInclude>
    <ClInclude Include="Source\PlayScene\SpecialBoom.h">
      <Filter>C++未分類ファイル</Filter>
    </ClInclude>
    <ClInclude Include="wtgb\GameSystem\ImGuiSystem.h">
      <Filter>C++未分類ファイル</Filter>
    </ClInclude>
    <ClInclude Include="Library\ImGui\imgui.h">
      <Filter>C++未分類ファイル</Filter>
    </ClInclude>
    <ClInclude Include="Library\ImGui\imgui_impl_dx11.h">
      <Filter>C++未分類ファイル</Filter>
    </ClInclude>
    <ClInclude Include="Library\ImGui\imgui_impl_win32.h">
      <Filter>C++未分類ファイル</Filter>
    </ClInclude>
    <ClInclude Include="Library\ImGui\imconfig.h">
      <Filter>C++未分類ファイル</Filter>
    </ClInclude>
    <ClInclude Include="Library\ImGui\imgui_internal.h">
      <Filter>C++未分類ファイル</Filter>
    </ClInclude>
    <ClInclude Include="Library\ImGui\imstb_rectpack.h">
      <Filter>C++未分類ファイル</Filter>
    </ClInclude>
    <ClInclude Include="Library\ImGui\imstb_textedit.h">
      <Filter>C++未分類ファイル</Filter>
    </ClInclude>
    <ClInclude Include="Library\ImGui\imstb_truetype.h">
      <Filter>C++未分類ファイル</Filter>
    </ClInclude>
    <ClInclude Include="Source\SampleScene\Piano.h">
      <Filter>C++未分類ファイル</Filter>
    </ClInclude>
    <ClInclude Include="wtgb\GameSystem\Audio.h">
      <Filter>C++未分類ファイル</Filter>
    </ClInclude>
    <ClInclude Include="wtgb\GameSystem\Audio\AudioClip.h">
      <Filter>C++未分類ファイル</Filter>
    </ClInclude>
    <ClInclude Include="wtgb\GameSystem\Audio\AudioPlayer.h">
      <Filter>C++未分類ファイル</Filter>
    </ClInclude>
    <ClInclude Include="Library\mtbin\BinaryReader.h">
      <Filter>C++未分類ファイル</Filter>
    </ClInclude>
    <ClInclude Include="Library\mtbin\BinaryWriter.h">
      <Filter>C++未分類ファイル</Filter>
    </ClInclude>
    <ClInclude Include="Library\mtbin\Common.h">
      <Filter>C++未分類ファイル</Filter>
    </ClInclude>
    <ClInclude Include="Library\mtbin\MemoryStream.h">
      <Filter>C++未分類ファイル</Filter>
    </ClInclude>
    <ClInclude Include="Library\mtbin\MemoryStreamCore.h">
      <Filter>C++未分類ファイル</Filter>
    </ClInclude>
    <ClInclude Include="Library\mtbin\mtbin.h">
      <Filter>C++未分類ファイル</Filter>
    </ClInclude>
    <ClInclude Include="Library\mtbin\Util.h">
      <Filter>C++未分類ファイル</Filter>
    </ClInclude>
    <ClInclude Include="wtgb\GameSystem\Audio\UniqueXAudio2SourceVoice.h">
      <Filter>C++未分類ファイル</Filter>
    </ClInclude>
    <ClInclude Include="wtgb\GameSystem\Audio\UniqueXAudio2MasteringVoice.h">
      <Filter>C++未分類ファイル</Filter>
    </ClInclude>
    <ClInclude Include="wtgb\GameSystem\Audio\DrLibsInclude.h">
      <Filter>C++未分類ファイル</Filter>
    </ClInclude>
    <ClInclude Include="Source\SMF\SMFPlayer.h">
      <Filter>C++未分類ファイル</Filter>
    </ClInclude>
    <ClInclude Include="Source\Note.h">
      <Filter>C++未分類ファイル</Filter>
    </ClInclude>
    <ClInclude Include="Source\TitleScene\TitleNeco.h">
      <Filter>C++未分類ファイル</Filter>
    </ClInclude>
    <ClInclude Include="wtgb\GameSystem\Scriptable.h">
      <Filter>C++未分類ファイル</Filter>
    </ClInclude>
    <ClInclude Include="wtgb\CoreType\ExtJson\Vector3.h">
      <Filter>C++未分類ファイル</Filter>
    </ClInclude>
    <ClInclude Include="wtgb\LibHeader\NlohmannJson.h">
      <Filter>C++未分類ファイル</Filter>
    </ClInclude>
    <ClInclude Include="wtgb\LibHeader\FileSystem.h">
      <Filter>C++未分類ファイル</Filter>
    </ClInclude>
    <ClInclude Include="Source\SMF\ToneHz.h">
      <Filter>C++未分類ファイル</Filter>
    </ClInclude>
    <ClInclude Include="Source\PlayScene\CharaBall.h">
      <Filter>C++未分類ファイル</Filter>
    </ClInclude>
    <ClInclude Include="Source\PlayScene\CharaEgg.h">
      <Filter>C++未分類ファイル</Filter>
    </ClInclude>
    <ClInclude Include="Source\PlayScene\WorldSetting.h">
      <Filter>C++未分類ファイル</Filter>
    </ClInclude>
    <ClInclude Include="Source\UI\DragCircle.h">
      <Filter>C++未分類ファイル</Filter>
    </ClInclude>
    <ClInclude Include="Source\PlayScene\ControlUI.h">
      <Filter>C++未分類ファイル</Filter>
    </ClInclude>
    <ClInclude Include="Source\TitleScene\TitleScene.h">
      <Filter>C++未分類ファイル</Filter>
    </ClInclude>
    <ClInclude Include="Source\TitleScene\TitleMountain.h">
      <Filter>C++未分類ファイル</Filter>
    </ClInclude>
    <ClInclude Include="Source\Stage\StageLoader.h">
      <Filter>C++未分類ファイル</Filter>
    </ClInclude>
    <ClInclude Include="Source\TitleScene\TitleCamera.h">
      <Filter>C++未分類ファイル</Filter>
    </ClInclude>
    <ClInclude Include="Source\UI\Button.h">
      <Filter>C++未分類ファイル</Filter>
    </ClInclude>
    <ClInclude Include="Source\PlayScene\Lift\Lift.h">
      <Filter>C++未分類ファイル</Filter>
    </ClInclude>
    <ClInclude Include="Source\PlayScene\Lift\LiftChair.h">
      <Filter>C++未分類ファイル</Filter>
    </ClInclude>
    <ClInclude Include="Source\PlayScene\Lift\LiftLoop.h">
      <Filter>C++未分類ファイル</Filter>
    </ClInclude>
    <ClInclude Include="Source\PlayScene\Lift\LiftPole.h">
      <Filter>C++未分類ファイル</Filter>
    </ClInclude>
    <ClInclude Include="Source\PlayScene\DropCloud.h">
      <Filter>C++未分類ファイル</Filter>
    </ClInclude>
    <ClInclude Include="Source\PlayScene\PresentSphere.h">
      <Filter>C++未分類ファイル</Filter>
    </ClInclude>
    <ClInclude Include="Assets\Prefab\StageObj\PresentSphere.json">
      <Filter>C++未分類ファイル</Filter>
    </ClInclude>
    <ClInclude Include="wtgb\Utility\JsonUtility.h">
      <Filter>C++未分類ファイル</Filter>
    </ClInclude>
    <ClInclude Include="Source\Common.h">
      <Filter>C++未分類ファイル</Filter>
    </ClInclude>
    <ClInclude Include="Source\Systems\CPItemAnim.h">
      <Filter>C++未分類ファイル</Filter>
    </ClInclude>
    <ClInclude Include="Source\Components\ItemAnim.h">
      <Filter>C++未分類ファイル</Filter>
    </ClInclude>
    <ClInclude Include="wtgb\Helper\CommonGameComponentPool.h">
      <Filter>C++未分類ファイル</Filter>
    </ClInclude>
    <ClInclude Include="Source\Components\ItemAnim\ItemType.h">
      <Filter>C++未分類ファイル</Filter>
    </ClInclude>
    <ClInclude Include="wtgb\Utility\Ease.h">
      <Filter>C++未分類ファイル</Filter>
    </ClInclude>
    <ClInclude Include="Source\SkySphere.h">
      <Filter>C++未分類ファイル</Filter>
    </ClInclude>
    <ClInclude Include="Source\StageSelectScene\StageSelectScene.h">
      <Filter>C++未分類ファイル</Filter>
    </ClInclude>
    <ClInclude Include="Source\StageSelectScene\MapView.h">
      <Filter>C++未分類ファイル</Filter>
    </ClInclude>
    <ClInclude Include="wtgb\CoreType\ExtJson\Vector2Int.h">
      <Filter>C++未分類ファイル</Filter>
    </ClInclude>
    <ClInclude Include="Source\PlayScene\UI\CountDown.h">
      <Filter>C++未分類ファイル</Filter>
    </ClInclude>
    <ClInclude Include="Source\Systems\ScoreManager.h">
      <Filter>C++未分類ファイル</Filter>
    </ClInclude>
    <ClInclude Include="wtgb\GameComponent\Parameter.h">
      <Filter>C++未分類ファイル</Filter>
    </ClInclude>
    <ClInclude Include="wtgb\GameSystem\CPParameter.h">
      <Filter>C++未分類ファイル</Filter>
    </ClInclude>
    <ClInclude Include="wtgb\GameSystem\Direct3D\ZBufferMode.h">
      <Filter>C++未分類ファイル</Filter>
    </ClInclude>
    <ClInclude Include="Source\PlayScene\PlayerTargetting.h">
      <Filter>C++未分類ファイル</Filter>
    </ClInclude>
    <ClInclude Include="Source\PlayScene\State\PlayState.h">
      <Filter>C++未分類ファイル</Filter>
    </ClInclude>
    <ClInclude Include="Source\SMF\Note.h">
      <Filter>C++未分類ファイル</Filter>
    </ClInclude>
    <ClInclude Include="wtgb\GameSystem\DirectionalLight.h">
      <Filter>C++未分類ファイル</Filter>
    </ClInclude>
    <ClInclude Include="Source\TitleScene\MusicPlayer.h">
      <Filter>C++未分類ファイル</Filter>
    </ClInclude>
    <ClInclude Include="Source\PlayScene\UI\SpeedMeter.h">
      <Filter>C++未分類ファイル</Filter>
    </ClInclude>
    <ClInclude Include="Source\PlayScene\SpeedController.h">
      <Filter>C++未分類ファイル</Filter>
    </ClInclude>
    <ClInclude Include="Source\PlayScene\ISpeedController.h">
      <Filter>C++未分類ファイル</Filter>
    </ClInclude>
    <ClInclude Include="Source\SpeedType.h">
      <Filter>C++未分類ファイル</Filter>
    </ClInclude>
    <ClInclude Include="Source\PlayScene\BallSphere.h">
      <Filter>C++未分類ファイル</Filter>
    </ClInclude>
    <ClInclude Include="Source\ResultScene\ResultScene.h">
      <Filter>C++未分類ファイル</Filter>
    </ClInclude>
    <ClInclude Include="Source\UI\IVisual.h">
      <Filter>C++未分類ファイル</Filter>
    </ClInclude>
    <ClInclude Include="Source\UI\ScalingCue.h">
      <Filter>C++未分類ファイル</Filter>
    </ClInclude>
    <ClInclude Include="Source\UI\FadingCue.h">
      <Filter>C++未分類ファイル</Filter>
    </ClInclude>
    <ClInclude Include="Source\UI\BaseCue.h">
      <Filter>C++未分類ファイル</Filter>
    </ClInclude>
    <ClInclude Include="Source\UI\VisualSequence.h">
      <Filter>C++未分類ファイル</Filter>
    </ClInclude>
    <ClInclude Include="Source\ResultScene\WaterPool.h">
      <Filter>C++未分類ファイル</Filter>
    </ClInclude>
    <ClInclude Include="Source\ResultScene\UI\ResultPanel.h">
      <Filter>C++未分類ファイル</Filter>
    </ClInclude>
    <ClInclude Include="wtgb\CoreType\ExtJson\Vector2.h">
      <Filter>C++未分類ファイル</Filter>
    </ClInclude>
    <ClInclude Include="Source\ResultScene\UI\DragPoint.h">
      <Filter>C++未分類ファイル</Filter>
    </ClInclude>
    <ClInclude Include="Source\UI\DragPointCue.h">
      <Filter>C++未分類ファイル</Filter>
    </ClInclude>
    <ClInclude Include="wtgb\GameSystem\MeshRenderer\ShaderConstant.h">
      <Filter>C++未分類ファイル</Filter>
    </ClInclude>
    <ClInclude Include="wtgb\GameSystem\ConstantBufferManager.h">
      <Filter>C++未分類ファイル</Filter>
    </ClInclude>
    <ClInclude Include="Source\PlayScene\GoalGround.h">
      <Filter>C++未分類ファイル</Filter>
    </ClInclude>
    <ClInclude Include="Source\UI\CueAnimation.h">
      <Filter>C++未分類ファイル</Filter>
    </ClInclude>
    <ClInclude Include="wtgb\Utility\CoordinateTransformer.h">
      <Filter>C++未分類ファイル</Filter>
    </ClInclude>
    <ClInclude Include="Source\ResultScene\UI\CircleHint.h">
      <Filter>C++未分類ファイル</Filter>
    </ClInclude>
    <ClInclude Include="wtgb\GameSystem\Alarm.h">
      <Filter>C++未分類ファイル</Filter>
    </ClInclude>
    <ClInclude Include="Source\PlayScene\UI\SpeedMessage.h">
      <Filter>C++未分類ファイル</Filter>
    </ClInclude>
    <ClInclude Include="Source\PlayScene\PlaybackParam.h">
      <Filter>C++未分類ファイル</Filter>
    </ClInclude>
    <ClInclude Include="wtgb\GameSystem\PostProcessing.h">
      <Filter>C++未分類ファイル</Filter>
    </ClInclude>
    <ClInclude Include="wtgb\GameSystem\PostProcessing\BackMesh2D.h">
      <Filter>C++未分類ファイル</Filter>
    </ClInclude>
    <ClInclude Include="wtgb\GameSystem\NeoCanvas.h">
      <Filter>C++未分類ファイル</Filter>
    </ClInclude>
    <ClInclude Include="wtgb\CoreType\RectInt.h">
      <Filter>C++未分類ファイル</Filter>
    </ClInclude>
    <ClInclude Include="wtgb\GameSystem\PostProcessing\IPostProcessEffect.h">
      <Filter>C++未分類ファイル</Filter>
    </ClInclude>
    <ClInclude Include="wtgb\GameSystem\PostProcessing\PostEffectType.h">
      <Filter>C++未分類ファイル</Filter>
    </ClInclude>
    <ClInclude Include="Source\PostProcessingEffect\Twist.h">
      <Filter>C++未分類ファイル</Filter>
    </ClInclude>
    <ClInclude Include="wtgb\GameSystem\PostProcessing\PostProcessingConstant.h">
      <Filter>C++未分類ファイル</Filter>
    </ClInclude>
    <ClInclude Include="wtgb\GameSystem\ConstantBufferManager\ConstantBufferBox.h">
      <Filter>C++未分類ファイル</Filter>
    </ClInclude>
    <ClInclude Include="Source\TitleScene\TitleCameraPlayer.h">
      <Filter>C++未分類ファイル</Filter>
    </ClInclude>
    <ClInclude Include="Source\GameScore.h">
      <Filter>C++未分類ファイル</Filter>
    </ClInclude>
    <ClInclude Include="Source\Systems\ScoreManager\DiffTimeToStr.h">
      <Filter>C++未分類ファイル</Filter>
    </ClInclude>
    <ClInclude Include="Source\PlayScene\UI\MiniChara.h">
      <Filter>C++未分類ファイル</Filter>
    </ClInclude>
    <ClInclude Include="Source\PlayScene\UI\MiniChara\IMiniCharaState.h">
      <Filter>C++未分類ファイル</Filter>
    </ClInclude>
    <ClInclude Include="Source\PlayScene\UI\MiniChara\MiniCharaMonkitty.h">
      <Filter>C++未分類ファイル</Filter>
    </ClInclude>
    <ClInclude Include="Source\PlayScene\UI\MiniChara\MiniCharaBase3.h">
      <Filter>C++未分類ファイル</Filter>
    </ClInclude>
  </ItemGroup>
  <ItemGroup>
    <ClCompile Include="Source\SkyGameBase.cpp">
      <Filter>C++未分類ファイル</Filter>
    </ClCompile>
    <ClCompile Include="pch\pch.cpp">
      <Filter>C++未分類ファイル</Filter>
    </ClCompile>
    <ClCompile Include="wtgb\Core\GameLoop.cpp">
      <Filter>C++未分類ファイル</Filter>
    </ClCompile>
    <ClCompile Include="wtgb\Core\GameSystemCollection.cpp">
      <Filter>C++未分類ファイル</Filter>
    </ClCompile>
    <ClCompile Include="wtgb\Core\Game.cpp">
      <Filter>C++未分類ファイル</Filter>
    </ClCompile>
    <ClCompile Include="wtgb\GameSystem\GameTime.cpp">
      <Filter>C++未分類ファイル</Filter>
    </ClCompile>
    <ClCompile Include="wtgb\GameSystem\Debug.cpp">
      <Filter>C++未分類ファイル</Filter>
    </ClCompile>
    <ClCompile Include="Source\SampleGame.cpp">
      <Filter>C++未分類ファイル</Filter>
    </ClCompile>
    <ClCompile Include="wtgb\GameSystem\Direct3D.cpp">
      <Filter>C++未分類ファイル</Filter>
    </ClCompile>
    <ClCompile Include="wtgb\Utility\IResource.cpp">
      <Filter>C++未分類ファイル</Filter>
    </ClCompile>
    <ClCompile Include="wtgb\GameSystem\GameWindow.cpp">
      <Filter>C++未分類ファイル</Filter>
    </ClCompile>
    <ClCompile Include="wtgb\GameSystem\Input.cpp">
      <Filter>C++未分類ファイル</Filter>
    </ClCompile>
    <ClCompile Include="wtgb\GameSystem\Input\InputResource.cpp">
      <Filter>C++未分類ファイル</Filter>
    </ClCompile>
    <ClCompile Include="wtgb\Utility\InitSequence.cpp">
      <Filter>C++未分類ファイル</Filter>
    </ClCompile>
    <ClCompile Include="wtgb\Utility\InputChecker.cpp">
      <Filter>C++未分類ファイル</Filter>
    </ClCompile>
    <ClCompile Include="wtgb\GameComponent\GameObjectProperty.cpp">
      <Filter>C++未分類ファイル</Filter>
    </ClCompile>
    <ClCompile Include="Source\PlayScene\Player.cpp">
      <Filter>C++未分類ファイル</Filter>
    </ClCompile>
    <ClCompile Include="Source\SampleScene\SampleScene.cpp">
      <Filter>C++未分類ファイル</Filter>
    </ClCompile>
    <ClCompile Include="wtgb\GameSystem\ComponentManager.cpp">
      <Filter>C++未分類ファイル</Filter>
    </ClCompile>
    <ClCompile Include="wtgb\GameSystem\SceneManager.cpp">
      <Filter>C++未分類ファイル</Filter>
    </ClCompile>
    <ClCompile Include="wtgb\Core\GameScene.cpp">
      <Filter>C++未分類ファイル</Filter>
    </ClCompile>
    <ClCompile Include="Source\Systems\FirstSceneRegister.cpp">
      <Filter>C++未分類ファイル</Filter>
    </ClCompile>
    <ClCompile Include="Source\Systems\MainWindow.cpp">
      <Filter>C++未分類ファイル</Filter>
    </ClCompile>
    <ClCompile Include="Source\PlayScene\PlayScene.cpp">
      <Filter>C++未分類ファイル</Filter>
    </ClCompile>
    <ClCompile Include="wtgb\Core\GameObjectBuilder.cpp">
      <Filter>C++未分類ファイル</Filter>
    </ClCompile>
    <ClCompile Include="wtgb\GameComponent\GameObject.cpp">
      <Filter>C++未分類ファイル</Filter>
    </ClCompile>
    <ClCompile Include="wtgb\GameSystem\ComponentManager\EntityGenerator.cpp">
      <Filter>C++未分類ファイル</Filter>
    </ClCompile>
    <ClCompile Include="wtgb\GameSystem\IComponentPool.cpp">
      <Filter>C++未分類ファイル</Filter>
    </ClCompile>
    <ClCompile Include="wtgb\GameSystem\ComponentPool.cpp">
      <Filter>C++未分類ファイル</Filter>
    </ClCompile>
    <ClCompile Include="wtgb\GameSystem\CPGameObject.cpp">
      <Filter>C++未分類ファイル</Filter>
    </ClCompile>
    <ClCompile Include="wtgb\GameComponent\ModelMesh.cpp">
      <Filter>C++未分類ファイル</Filter>
    </ClCompile>
    <ClCompile Include="wtgb\GameSystem\CPGameObjectProperty.cpp">
      <Filter>C++未分類ファイル</Filter>
    </ClCompile>
    <ClCompile Include="wtgb\GameSystem\CPMeshRenderer.cpp">
      <Filter>C++未分類ファイル</Filter>
    </ClCompile>
    <ClCompile Include="wtgb\GameSystem\CPModelMesh.cpp">
      <Filter>C++未分類ファイル</Filter>
    </ClCompile>
    <ClCompile Include="wtgb\GameSystem\CPTransform.cpp">
      <Filter>C++未分類ファイル</Filter>
    </ClCompile>
    <ClCompile Include="wtgb\GameSystem\Direct3D\Direct3DResource.cpp">
      <Filter>C++未分類ファイル</Filter>
    </ClCompile>
    <ClCompile Include="wtgb\GameSystem\ModelMesh\Fbx.cpp">
      <Filter>C++未分類ファイル</Filter>
    </ClCompile>
    <ClCompile Include="wtgb\GameSystem\Rendering.cpp">
      <Filter>C++未分類ファイル</Filter>
    </ClCompile>
    <ClCompile Include="wtgb\GameComponent\MeshRenderer.cpp">
      <Filter>C++未分類ファイル</Filter>
    </ClCompile>
    <ClCompile Include="wtgb\GameSystem\ShaderCompile.cpp">
      <Filter>C++未分類ファイル</Filter>
    </ClCompile>
    <ClCompile Include="wtgb\GameSystem\ResourceSystem\Texture.cpp">
      <Filter>C++未分類ファイル</Filter>
    </ClCompile>
    <ClCompile Include="wtgb\GameSystem\ResourceSystem.cpp">
      <Filter>C++未分類ファイル</Filter>
    </ClCompile>
    <ClCompile Include="wtgb\GameSystem\Path.cpp">
      <Filter>C++未分類ファイル</Filter>
    </ClCompile>
    <ClCompile Include="wtgb\GameSystem\ShaderCompile\Shader.cpp">
      <Filter>C++未分類ファイル</Filter>
    </ClCompile>
    <ClCompile Include="wtgb\GameSystem\Model.cpp">
      <Filter>C++未分類ファイル</Filter>
    </ClCompile>
    <ClCompile Include="wtgb\GameSystem\ModelMesh\ModelResource.cpp">
      <Filter>C++未分類ファイル</Filter>
    </ClCompile>
    <ClCompile Include="wtgb\GameSystem\Camera.cpp">
      <Filter>C++未分類ファイル</Filter>
    </ClCompile>
    <ClCompile Include="Source\PlayScene\CameraController.cpp">
      <Filter>C++未分類ファイル</Filter>
    </ClCompile>
    <ClCompile Include="wtgb\GameComponent\Transform.cpp">
      <Filter>C++未分類ファイル</Filter>
    </ClCompile>
    <ClCompile Include="wtgb\GameSystem\Cursor.cpp">
      <Filter>C++未分類ファイル</Filter>
    </ClCompile>
    <ClCompile Include="wtgb\GameSystem\CPRigidBody.cpp">
      <Filter>C++未分類ファイル</Filter>
    </ClCompile>
    <ClCompile Include="Source\PlayScene\StageMesh\StageMesh.cpp">
      <Filter>C++未分類ファイル</Filter>
    </ClCompile>
    <ClCompile Include="Source\PlayScene\StageLine.cpp">
      <Filter>C++未分類ファイル</Filter>
    </ClCompile>
    <ClCompile Include="wtgb\GameSystem\ModelMesh\IMeshSimple.cpp">
      <Filter>C++未分類ファイル</Filter>
    </ClCompile>
    <ClCompile Include="Source\PlayScene\TestBillBoard.cpp">
      <Filter>C++未分類ファイル</Filter>
    </ClCompile>
    <ClCompile Include="wtgb\GameComponent\Collider.cpp">
      <Filter>C++未分類ファイル</Filter>
    </ClCompile>
    <ClCompile Include="wtgb\GameSystem\CPCollider.cpp">
      <Filter>C++未分類ファイル</Filter>
    </ClCompile>
    <ClCompile Include="wtgb\GameComponent\RigidBody.cpp">
      <Filter>C++未分類ファイル</Filter>
    </ClCompile>
    <ClCompile Include="wtgb\GameSystem\CPRigidBody\PhysicsUtil.cpp">
      <Filter>C++未分類ファイル</Filter>
    </ClCompile>
    <ClCompile Include="wtgb\GameSystem\Deb\DebugSphere.cpp">
      <Filter>C++未分類ファイル</Filter>
    </ClCompile>
    <ClCompile Include="Source\PlayScene\CameraController\CameraMoveFree.cpp">
      <Filter>C++未分類ファイル</Filter>
    </ClCompile>
    <ClCompile Include="Source\PlayScene\CameraController\CameraMovePlay.cpp">
      <Filter>C++未分類ファイル</Filter>
    </ClCompile>
    <ClCompile Include="Source\PlayScene\WaterPlane.cpp">
      <Filter>C++未分類ファイル</Filter>
    </ClCompile>
    <ClCompile Include="Source\WaterPlane\WaterMesh.cpp">
      <Filter>C++未分類ファイル</Filter>
    </ClCompile>
    <ClCompile Include="Source\PlayScene\WaterSphere.cpp">
      <Filter>C++未分類ファイル</Filter>
    </ClCompile>
    <ClCompile Include="wtgb\Utility\Mathf.cpp">
      <Filter>C++未分類ファイル</Filter>
    </ClCompile>
    <ClCompile Include="Source\PlayScene\DebugPoint.cpp">
      <Filter>C++未分類ファイル</Filter>
    </ClCompile>
    <ClCompile Include="wtgb\GameSystem\Canvas.cpp">
      <Filter>C++未分類ファイル</Filter>
    </ClCompile>
    <ClCompile Include="wtgb\GameSystem\Canvas\LayoutConfig.cpp">
      <Filter>C++未分類ファイル</Filter>
    </ClCompile>
    <ClCompile Include="wtgb\GameSystem\Canvas\CanvasContext.cpp">
      <Filter>C++未分類ファイル</Filter>
    </ClCompile>
    <ClCompile Include="Source\SampleScene\TestArrowUI.cpp">
      <Filter>C++未分類ファイル</Filter>
    </ClCompile>
    <ClCompile Include="Source\UI\NumberPlate.cpp">
      <Filter>C++未分類ファイル</Filter>
    </ClCompile>
    <ClCompile Include="wtgb\GameSystem\Canvas\Mesh2D.cpp">
      <Filter>C++未分類ファイル</Filter>
    </ClCompile>
    <ClCompile Include="wtgb\GameSystem\Canvas\RenderContent.cpp">
      <Filter>C++未分類ファイル</Filter>
    </ClCompile>
    <ClCompile Include="wtgb\GameSystem\ModelMesh\IMeshSimple2D.cpp">
      <Filter>C++未分類ファイル</Filter>
    </ClCompile>
    <ClCompile Include="wtgb\Utility\CallStackViewer.cpp">
      <Filter>C++未分類ファイル</Filter>
    </ClCompile>
    <ClCompile Include="Source\PlayScene\SpecialBall.cpp">
      <Filter>C++未分類ファイル</Filter>
    </ClCompile>
    <ClCompile Include="Source\PlayScene\StageObjectManager.cpp">
      <Filter>C++未分類ファイル</Filter>
    </ClCompile>
    <ClCompile Include="Source\PlayScene\SpecialBoom.cpp">
      <Filter>C++未分類ファイル</Filter>
    </ClCompile>
    <ClCompile Include="wtgb\GameSystem\ImGuiSystem.cpp">
      <Filter>C++未分類ファイル</Filter>
    </ClCompile>
    <ClCompile Include="Library\ImGui\imgui.cpp">
      <Filter>C++未分類ファイル</Filter>
    </ClCompile>
    <ClCompile Include="Library\ImGui\imgui_impl_dx11.cpp">
      <Filter>C++未分類ファイル</Filter>
    </ClCompile>
    <ClCompile Include="Library\ImGui\imgui_impl_win32.cpp">
      <Filter>C++未分類ファイル</Filter>
    </ClCompile>
    <ClCompile Include="Library\ImGui\imgui_demo.cpp">
      <Filter>C++未分類ファイル</Filter>
    </ClCompile>
    <ClCompile Include="Library\ImGui\imgui_draw.cpp">
      <Filter>C++未分類ファイル</Filter>
    </ClCompile>
    <ClCompile Include="Library\ImGui\imgui_tables.cpp">
      <Filter>C++未分類ファイル</Filter>
    </ClCompile>
    <ClCompile Include="Library\ImGui\imgui_widgets.cpp">
      <Filter>C++未分類ファイル</Filter>
    </ClCompile>
    <ClCompile Include="Source\SampleScene\Piano.cpp">
      <Filter>C++未分類ファイル</Filter>
    </ClCompile>
    <ClCompile Include="wtgb\GameSystem\Audio.cpp">
      <Filter>C++未分類ファイル</Filter>
    </ClCompile>
    <ClCompile Include="wtgb\GameSystem\Audio\AudioClip.cpp">
      <Filter>C++未分類ファイル</Filter>
    </ClCompile>
    <ClCompile Include="Library\mtbin\BinaryReader.cpp">
      <Filter>C++未分類ファイル</Filter>
    </ClCompile>
    <ClCompile Include="Library\mtbin\BinaryWriter.cpp">
      <Filter>C++未分類ファイル</Filter>
    </ClCompile>
    <ClCompile Include="Library\mtbin\MemoryStreamCore.cpp">
      <Filter>C++未分類ファイル</Filter>
    </ClCompile>
    <ClCompile Include="wtgb\GameSystem\Audio\AudioPlayer.cpp">
      <Filter>C++未分類ファイル</Filter>
    </ClCompile>
    <ClCompile Include="Source\SMF\SMFPlayer.cpp">
      <Filter>C++未分類ファイル</Filter>
    </ClCompile>
    <ClCompile Include="wtgb\GameSystem\Scriptable.cpp">
      <Filter>C++未分類ファイル</Filter>
    </ClCompile>
    <ClCompile Include="Source\TitleScene\TitleNeco.cpp">
      <Filter>C++未分類ファイル</Filter>
    </ClCompile>
    <ClCompile Include="Source\PlayScene\CharaBall.cpp">
      <Filter>C++未分類ファイル</Filter>
    </ClCompile>
    <ClCompile Include="Source\PlayScene\CharaEgg.cpp">
      <Filter>C++未分類ファイル</Filter>
    </ClCompile>
    <ClCompile Include="Source\UI\DragCircle.cpp">
      <Filter>C++未分類ファイル</Filter>
    </ClCompile>
    <ClCompile Include="Source\PlayScene\ControlUI.cpp">
      <Filter>C++未分類ファイル</Filter>
    </ClCompile>
    <ClCompile Include="Source\TitleScene\TitleScene.cpp">
      <Filter>C++未分類ファイル</Filter>
    </ClCompile>
    <ClCompile Include="Source\TitleScene\TitleMountain.cpp">
      <Filter>C++未分類ファイル</Filter>
    </ClCompile>
    <ClCompile Include="Source\Stage\StageLoader.cpp">
      <Filter>C++未分類ファイル</Filter>
    </ClCompile>
    <ClCompile Include="Source\TitleScene\TitleCamera.cpp">
      <Filter>C++未分類ファイル</Filter>
    </ClCompile>
    <ClCompile Include="Source\UI\Button.cpp">
      <Filter>C++未分類ファイル</Filter>
    </ClCompile>
    <ClCompile Include="Source\PlayScene\Lift\Lift.cpp">
      <Filter>C++未分類ファイル</Filter>
    </ClCompile>
    <ClCompile Include="Source\PlayScene\Lift\LiftChair.cpp">
      <Filter>C++未分類ファイル</Filter>
    </ClCompile>
    <ClCompile Include="Source\PlayScene\Lift\LiftLoop.cpp">
      <Filter>C++未分類ファイル</Filter>
    </ClCompile>
    <ClCompile Include="Source\PlayScene\Lift\LiftPole.cpp">
      <Filter>C++未分類ファイル</Filter>
    </ClCompile>
    <ClCompile Include="Source\PlayScene\DropCloud.cpp">
      <Filter>C++未分類ファイル</Filter>
    </ClCompile>
    <ClCompile Include="Source\PlayScene\PresentSphere.cpp">
      <Filter>C++未分類ファイル</Filter>
    </ClCompile>
    <ClCompile Include="Source\Systems\CPItemAnim.cpp">
      <Filter>C++未分類ファイル</Filter>
    </ClCompile>
    <ClCompile Include="Source\Components\ItemAnim.cpp">
      <Filter>C++未分類ファイル</Filter>
    </ClCompile>
    <ClCompile Include="wtgb\Utility\Ease.cpp">
      <Filter>C++未分類ファイル</Filter>
    </ClCompile>
    <ClCompile Include="Source\SkySphere.cpp">
      <Filter>C++未分類ファイル</Filter>
    </ClCompile>
    <ClCompile Include="Source\StageSelectScene\StageSelectScene.cpp">
      <Filter>C++未分類ファイル</Filter>
    </ClCompile>
    <ClCompile Include="Source\StageSelectScene\MapView.cpp">
      <Filter>C++未分類ファイル</Filter>
    </ClCompile>
    <ClCompile Include="wtgb\Utility\JsonUtility.cpp">
      <Filter>C++未分類ファイル</Filter>
    </ClCompile>
    <ClCompile Include="Source\PlayScene\UI\CountDown.cpp">
      <Filter>C++未分類ファイル</Filter>
    </ClCompile>
    <ClCompile Include="Source\Systems\ScoreManager.cpp">
      <Filter>C++未分類ファイル</Filter>
    </ClCompile>
    <ClCompile Include="wtgb\GameComponent\Parameter.cpp">
      <Filter>C++未分類ファイル</Filter>
    </ClCompile>
    <ClCompile Include="Source\PlayScene\PlayerTargetting.cpp">
      <Filter>C++未分類ファイル</Filter>
    </ClCompile>
    <ClCompile Include="Source\PlayScene\State\PlayState.cpp">
      <Filter>C++未分類ファイル</Filter>
    </ClCompile>
    <ClCompile Include="wtgb\GameSystem\DirectionalLight.cpp">
      <Filter>C++未分類ファイル</Filter>
    </ClCompile>
    <ClCompile Include="Source\TitleScene\MusicPlayer.cpp">
      <Filter>C++未分類ファイル</Filter>
    </ClCompile>
    <ClCompile Include="Source\PlayScene\SpeedController.cpp">
      <Filter>C++未分類ファイル</Filter>
    </ClCompile>
    <ClCompile Include="Source\PlayScene\UI\SpeedMeter.cpp">
      <Filter>C++未分類ファイル</Filter>
    </ClCompile>
    <ClCompile Include="Source\PlayScene\BallSphere.cpp">
      <Filter>C++未分類ファイル</Filter>
    </ClCompile>
    <ClCompile Include="Source\ResultScene\ResultScene.cpp">
      <Filter>C++未分類ファイル</Filter>
    </ClCompile>
    <ClCompile Include="Source\UI\ScalingCue.cpp">
      <Filter>C++未分類ファイル</Filter>
    </ClCompile>
    <ClCompile Include="Source\UI\BaseCue.cpp">
      <Filter>C++未分類ファイル</Filter>
    </ClCompile>
    <ClCompile Include="Source\UI\FadingCue.cpp">
      <Filter>C++未分類ファイル</Filter>
    </ClCompile>
    <ClCompile Include="Source\UI\VisualSequence.cpp">
      <Filter>C++未分類ファイル</Filter>
    </ClCompile>
    <ClCompile Include="Source\ResultScene\WaterPool.cpp">
      <Filter>C++未分類ファイル</Filter>
    </ClCompile>
    <ClCompile Include="Source\ResultScene\UI\ResultPanel.cpp">
      <Filter>C++未分類ファイル</Filter>
    </ClCompile>
    <ClCompile Include="Source\ResultScene\UI\DragPoint.cpp">
      <Filter>C++未分類ファイル</Filter>
    </ClCompile>
    <ClCompile Include="Source\UI\DragPointCue.cpp">
      <Filter>C++未分類ファイル</Filter>
    </ClCompile>
    <ClCompile Include="wtgb\GameSystem\ConstantBufferManager.cpp">
      <Filter>C++未分類ファイル</Filter>
    </ClCompile>
    <ClCompile Include="Source\PlayScene\GoalGround.cpp">
      <Filter>C++未分類ファイル</Filter>
    </ClCompile>
    <ClCompile Include="wtgb\Utility\CoordinateTransformer.cpp">
      <Filter>C++未分類ファイル</Filter>
    </ClCompile>
    <ClCompile Include="Source\ResultScene\UI\CircleHint.cpp">
      <Filter>C++未分類ファイル</Filter>
    </ClCompile>
    <ClCompile Include="wtgb\GameSystem\Alarm.cpp">
      <Filter>C++未分類ファイル</Filter>
    </ClCompile>
    <ClCompile Include="Source\PlayScene\UI\SpeedMessage.cpp">
      <Filter>C++未分類ファイル</Filter>
    </ClCompile>
    <ClCompile Include="wtgb\GameSystem\PostProcessing.cpp">
      <Filter>C++未分類ファイル</Filter>
    </ClCompile>
    <ClCompile Include="wtgb\GameSystem\PostProcessing\BackMesh2D.cpp">
      <Filter>C++未分類ファイル</Filter>
    </ClCompile>
    <ClCompile Include="wtgb\GameSystem\NeoCanvas.cpp">
      <Filter>C++未分類ファイル</Filter>
    </ClCompile>
    <ClCompile Include="Source\GameScore.cpp">
      <Filter>C++未分類ファイル</Filter>
    </ClCompile>
    <ClCompile Include="Source\Systems\ScoreManager\DiffTimeToStr.cpp">
      <Filter>C++未分類ファイル</Filter>
    </ClCompile>
    <ClCompile Include="Source\PlayScene\UI\MiniChara.cpp">
      <Filter>C++未分類ファイル</Filter>
    </ClCompile>
    <ClCompile Include="Source\PlayScene\UI\MiniChara\MiniCharaMonkitty.cpp">
      <Filter>C++未分類ファイル</Filter>
    </ClCompile>
    <ClCompile Include="Source\PlayScene\UI\MiniChara\MiniCharaBase3.cpp">
      <Filter>C++未分類ファイル</Filter>
    </ClCompile>
  </ItemGroup>
  <ItemGroup>
    <ResourceCompile Include="Source\SkyGameBase.rc">
      <Filter>リソース ファイル</Filter>
    </ResourceCompile>
  </ItemGroup>
  <ItemGroup>
    <None Include="Doc\CodingGuide.md" />
    <None Include="wtgb\Core\GameObjectBuilder.inl">
      <Filter>C++未分類ファイル</Filter>
    </None>
    <None Include="wtgb\GameSystem\ComponentPool.inl">
      <Filter>C++未分類ファイル</Filter>
    </None>
    <None Include="wtgb\GameSystem\ComponentManager.inl">
      <Filter>C++未分類ファイル</Filter>
    </None>
    <None Include="packages.config" />
    <None Include="wtgb\Core\ComponentSetter.inl">
      <Filter>C++未分類ファイル</Filter>
    </None>
    <None Include="wtgb\Core\GameSystemCollection.inl">
      <Filter>C++未分類ファイル</Filter>
    </None>
    <None Include="wtgb\GameSystem\Canvas\RenderContent.inl">
      <Filter>C++未分類ファイル</Filter>
    </None>
    <None Include="wtgb\Utility\IResource.inl">
      <Filter>C++未分類ファイル</Filter>
    </None>
    <None Include="Assets\StageData.json" />
    <None Include="Assets\TitleMountain.json" />
    <None Include="Assets\Prefab\CharaEgg.json" />
    <None Include="Assets\Prefab\CountDown.json" />
    <None Include="Assets\Prefab\DropCloud.json" />
    <None Include="Assets\Prefab\MapView.json" />
    <None Include="Assets\Prefab\Player.json" />
    <None Include="Assets\Prefab\ScoreManager.json" />
    <None Include="Assets\Prefab\Simple.json" />
    <None Include="Assets\Prefab\SkySphere.json" />
    <None Include="Assets\Prefab\SMFPlayer.json" />
    <None Include="Assets\Prefab\StageObj\CharaEggRing.json" />
    <None Include="Assets\Prefab\PlayState.json" />
    <None Include="Assets\Prefab\CharaBall.json" />
    <None Include="Assets\Prefab\Play\CameraController.json" />
    <None Include="Assets\Prefab\StageObjectManager.json" />
    <None Include="Assets\Prefab\TitleNeco.json" />
    <None Include="Assets\Prefab\MusicPlayer.json" />
    <None Include="Assets\Prefab\Play\SpeedController.json" />
    <None Include="Assets\Prefab\Play\BallSphere.json" />
    <None Include="wtgb\GameComponent\GameObject.inl">
      <Filter>C++未分類ファイル</Filter>
    </None>
    <None Include="Assets\Prefab\Result\ResultPanel.json" />
    <None Include="Assets\Prefab\Play\UI\SpeedMeter.json" />
    <None Include="wtgb\GameSystem\MeshRenderer\ShaderConstant.inl">
      <Filter>C++未分類ファイル</Filter>
    </None>
    <None Include="Assets\Prefab\Play\GoalGround.json" />
    <None Include="wtgb\CoreType\Collection\HandlerCollection.inl">
      <Filter>C++未分類ファイル</Filter>
    </None>
    <None Include="wtgb\_Config\DefaultGameTitle.value" />
    <None Include="wtgb\_Config\DefaultGameVersion.value" />
    <None Include="wtgb\_Config\EntityCapacity.value" />
    <None Include="Assets\Prefab\Play\UI\SpeedMessage.json" />
    <None Include="Assets\Shader\MainTexture.hlsli" />
    <None Include="Assets\Shader\CBGlobal3D.hlsli" />
    <None Include="Assets\Shader\PostProcessing.hlsli" />
    <None Include="Assets\Shader\Common2D.hlsli" />
    <None Include="Assets\Score\ScoreNotion.json" />
    <None Include="Assets\Prefab\Play\UI\MiniChara.json" />
  </ItemGroup>
  <ItemGroup>
    <FxCompile Include="Assets\Shader\Simple3D.hlsl" />
    <FxCompile Include="Assets\Shader\StageMesh.hlsl" />
    <FxCompile Include="Assets\Shader\BillBoard.hlsl" />
    <FxCompile Include="Assets\Shader\Debug.hlsl" />
    <FxCompile Include="Assets\Shader\WaterBall.hlsl" />
    <FxCompile Include="Assets\Shader\Figure2D.hlsl" />
    <FxCompile Include="Assets\Shader\Image2D.hlsl" />
    <FxCompile Include="Assets\Shader\TestPoint.hlsl" />
    <FxCompile Include="Assets\Shader\SpecialBall.hlsl" />
    <FxCompile Include="Assets\Shader\PresentShpere.hlsl" />
    <FxCompile Include="Assets\Shader\CharaEgg.hlsl" />
    <FxCompile Include="Assets\Shader\SkySphere.hlsl" />
    <FxCompile Include="Assets\Shader\BallSphere.hlsl" />
    <FxCompile Include="Assets\Shader\PostProcessing\Twist.hlsl" />
  </ItemGroup>
  <ItemGroup>
    <Text Include="wtgb\_Template\GameSystem-cpp.txt" />
    <Text Include="wtgb\_Template\GameSystem-hpp.txt" />
  </ItemGroup>
</Project>